
Microsoft Visual Studio Solution File, Format Version 12.00
# Visual Studio Version 17
VisualStudioVersion = 17.6.33801.468
MinimumVisualStudioVersion = 10.0.40219.1
Project("{FAE04EC0-301F-11D3-BF4B-00C04F79EFBC}") = "TokenPlusMongo", "TokenPlusMongo\TokenPlusMongo.csproj", "{D06A38DD-2F8C-49FD-973A-BF5B2DC81305}"
EndProject
Global
	GlobalSection(SolutionConfigurationPlatforms) = preSolution
		Debug|Any CPU = Debug|Any CPU
		Release|Any CPU = Release|Any CPU
	EndGlobalSection
	GlobalSection(ProjectConfigurationPlatforms) = postSolution
		{D06A38DD-2F8C-49FD-973A-BF5B2DC81305}.Debug|Any CPU.ActiveCfg = Debug|Any CPU
		{D06A38DD-2F8C-49FD-973A-BF5B2DC81305}.Debug|Any CPU.Build.0 = Debug|Any CPU
		{D06A38DD-2F8C-49FD-973A-BF5B2DC81305}.Release|Any CPU.ActiveCfg = Release|Any CPU
		{D06A38DD-2F8C-49FD-973A-BF5B2DC81305}.Release|Any CPU.Build.0 = Release|Any CPU
	EndGlobalSection
	GlobalSection(SolutionProperties) = preSolution
		HideSolutionNode = FALSE
	EndGlobalSection
	GlobalSection(ExtensibilityGlobals) = postSolution
		SolutionGuid = {66C750B2-1C65-4232-8D3A-12C87B34A4C8}
	EndGlobalSection
EndGlobal
